generate_review_activity_dataset:
  cmd: python main.py -m dataset
  deps:
  - path: data/base/consolidated_profiles.csv
    md5: b8eafe5ddb1e825f768aebd706a53e60
    size: 1609255550
  - path: pipeline/generator.py
    md5: ed43414c1f6e23c5914eacbad518c7b8
    size: 8487
  - path: preprocess/preprocessor.py
    md5: f6dc6fc933a7150dc4c7bed54ac6efd1
    size: 704
  - path: utils/clean.py
    md5: b6e0812677d5a22d054209532e05f58e
    size: 5248
  - path: utils/extract.py
    md5: 438e8f98c936b9127c7c9526f6b511f4
    size: 2566
  - path: utils/reformat.py
    md5: 40c65571dfa7487eabbd9673094b7114
    size: 2269
  outs:
  - path: data/uc2/interim/consolidated_review_activity.csv
    md5: 91c3841ebf9c61efa6aa69b4db458cf5
    size: 360603185
  - path: data/uc2/interim/doc2vec_embedding.csv
    md5: c2a2800e9eb2f41cb744ce08e4d319f6
    size: 186122880
  - path: models/word_embedding/doc2vec.model
    md5: e568e2b3cc419a7e81e5f06858142bc6
    size: 62336384
feature_engineering:
  cmd: python main.py -m build_features
  deps:
  - path: data/base/consolidated_product_info.csv
    md5: 1d2c3976a871b3ca3d01a9242b8e2fd3
    size: 100159
  - path: data/base/consolidated_profiles.csv
    md5: b8eafe5ddb1e825f768aebd706a53e60
    size: 1609255550
  - path: data/uc2/interim/consolidated_products_labelled.csv
    md5: 5dbe5b199b42090362191141041d645a
    size: 109303659
  - path: data/uc2/interim/consolidated_review_activity.csv
    md5: 91c3841ebf9c61efa6aa69b4db458cf5
    size: 360603185
  - path: data/uc2/interim/doc2vec_embedding.csv
    md5: c2a2800e9eb2f41cb744ce08e4d319f6
    size: 186122880
  - path: engineer/engineer.py
    md5: 09434526e333274a2370ade2d42b9062
    size: 1249
  - path: models/word_embedding/doc2vec.model
    md5: e568e2b3cc419a7e81e5f06858142bc6
    size: 62336384
  - path: pipeline/engineer.py
    md5: 0d5a62c16f5da949599591ccfb55b650
    size: 3748
  - path: src/features/build_features.py
    md5: 23424fb53b1285976944e92aab6f1477
    size: 1897
  - path: utils/clean.py
    md5: b6e0812677d5a22d054209532e05f58e
    size: 5248
  - path: utils/engineer.py
    md5: aef260b2638749bcf58a83609e48de9e
    size: 8190
  - path: utils/engineer_functions.py
    md5: e7255d9ea75d1d1e0f6752a05e8d6392
    size: 13435
  outs:
  - path: data/uc2/interim/consolidated_profiles.csv
    md5: 9eb131a2a027cee685e6d65f45056ce6
    size: 1615971247
  - path: data/uc2/processed/fake_framework_features.csv
    md5: a3d3ff360593b4e3d4a27cd32e712e35
    size: 73047413
  - path: models/normalizer/cosine_similarity_tfidf.pkl
    md5: 51905176ed76d67818a7c17f8753c2bb
    size: 9272989
train_model:
  cmd: python main.py -m train_model -model ocsvm -feature_select n -normalize y -text_represent
    doc2vec
  deps:
  - path: data/uc2/interim/doc2vec_embedding.csv
    md5: c2a2800e9eb2f41cb744ce08e4d319f6
    size: 186122880
  - path: data/uc2/processed/fake_framework_features.csv
    md5: a3d3ff360593b4e3d4a27cd32e712e35
    size: 73047413
  - path: featureselector/featureselector.py
    md5: b3bda1a4f043387f59770056ff9a66cb
    size: 1806
  - path: impactscorer/impactscorer.py
    md5: 6c1554ff153fc7ae0a327bf89e6d56ec
    size: 5294
  - path: pipeline/trainer.py
    md5: 27dd4987781875ee88813ff781975a23
    size: 11718
  - path: src/models/train_model.py
    md5: eef7dd15b602d5c176dea3e0f4f8378f
    size: 950
  - path: trainers/pyodmodel.py
    md5: e9a291d499c43c71e208a4b6594f105d
    size: 6833
  outs:
  - path: data/uc2/processed/suspicious_reviewers_metrics.csv
    md5: a5feb26dfdef1bd4d2ae18cc853c56ec
    size: 1617135531
  - path: models/normalizer/feature_normalizer_standard.pkl
    md5: 01f9f06b979a35d6caa8dc62b9ab0bde
    size: 4482
  - path: models/ocsvm.pkl
    md5: f477846cd93a44458c20e560dab83c7c
    size: 13566944
  - path: models/results/ocsvm_results.csv
    md5: 3cb71e04ae44537591996d2f1b59aab2
    size: 70993647
